
Microsoft Visual Studio Solution File, Format Version 12.00
# Visual Studio Version 17
VisualStudioVersion = 17.3.32819.101
MinimumVisualStudioVersion = 10.0.40219.1
Project("{FAE04EC0-301F-11D3-BF4B-00C04F79EFBC}") = "21 inlämn", "21 inlämn\21 inlämn.csproj", "{8D171FD5-F009-4ABF-84C4-E3FCFBE58A02}"
EndProject
Global
	GlobalSection(SolutionConfigurationPlatforms) = preSolution
		Debug|Any CPU = Debug|Any CPU
		Release|Any CPU = Release|Any CPU
	EndGlobalSection
	GlobalSection(ProjectConfigurationPlatforms) = postSolution
		{8D171FD5-F009-4ABF-84C4-E3FCFBE58A02}.Debug|Any CPU.ActiveCfg = Debug|Any CPU
		{8D171FD5-F009-4ABF-84C4-E3FCFBE58A02}.Debug|Any CPU.Build.0 = Debug|Any CPU
		{8D171FD5-F009-4ABF-84C4-E3FCFBE58A02}.Release|Any CPU.ActiveCfg = Release|Any CPU
		{8D171FD5-F009-4ABF-84C4-E3FCFBE58A02}.Release|Any CPU.Build.0 = Release|Any CPU
	EndGlobalSection
	GlobalSection(SolutionProperties) = preSolution
		HideSolutionNode = FALSE
	EndGlobalSection
	GlobalSection(ExtensibilityGlobals) = postSolution
		SolutionGuid = {5F076F6B-5E2A-4375-8EAB-9D2AAFAA6D57}
	EndGlobalSection
EndGlobal
